
Microsoft Visual Studio Solution File, Format Version 12.00
# Visual Studio Version 17
VisualStudioVersion = 17.12.35728.132
MinimumVisualStudioVersion = 10.0.40219.1
Project("{2150E333-8FDC-42A3-9474-1A3956D46DE8}") = "Solution Items", "Solution Items", "{6D978EDC-879F-4623-BB59-52A84D28303E}"
	ProjectSection(SolutionItems) = preProject
		.gitignore = .gitignore
		LICENSE = LICENSE
		README.md = README.md
	EndProjectSection
EndProject
Project("{FAE04EC0-301F-11D3-BF4B-00C04F79EFBC}") = "app", "app\app.csproj", "{88FD27DC-AC99-4D91-8E90-37F022533CD1}"
EndProject
Global
	GlobalSection(SolutionConfigurationPlatforms) = preSolution
		Debug|Any CPU = Debug|Any CPU
		Release|Any CPU = Release|Any CPU
	EndGlobalSection
	GlobalSection(ProjectConfigurationPlatforms) = postSolution
		{3D7C3D00-9EC8-4979-B21E-11CDF4341B53}.Debug|Any CPU.ActiveCfg = Debug|Any CPU
		{3D7C3D00-9EC8-4979-B21E-11CDF4341B53}.Debug|Any CPU.Build.0 = Debug|Any CPU
		{3D7C3D00-9EC8-4979-B21E-11CDF4341B53}.Release|Any CPU.ActiveCfg = Release|Any CPU
		{3D7C3D00-9EC8-4979-B21E-11CDF4341B53}.Release|Any CPU.Build.0 = Release|Any CPU
		{88FD27DC-AC99-4D91-8E90-37F022533CD1}.Debug|Any CPU.ActiveCfg = Debug|Any CPU
		{88FD27DC-AC99-4D91-8E90-37F022533CD1}.Debug|Any CPU.Build.0 = Debug|Any CPU
		{88FD27DC-AC99-4D91-8E90-37F022533CD1}.Release|Any CPU.ActiveCfg = Release|Any CPU
		{88FD27DC-AC99-4D91-8E90-37F022533CD1}.Release|Any CPU.Build.0 = Release|Any CPU
	EndGlobalSection
	GlobalSection(SolutionProperties) = preSolution
		HideSolutionNode = FALSE
	EndGlobalSection
	GlobalSection(ExtensibilityGlobals) = postSolution
		SolutionGuid = {5B4AE80A-DC02-4B6B-99D8-20483AF3EBDB}
	EndGlobalSection
EndGlobal
