
Microsoft Visual Studio Solution File, Format Version 12.00
# Visual Studio Version 16
VisualStudioVersion = 16.0.30114.105
MinimumVisualStudioVersion = 10.0.40219.1
Project("{E24C65DC-7377-472B-9ABA-BC803B73C61A}") = "web", "web\", "{3642FBC2-54C6-4BA3-9F98-AD8C76A2B173}"
	ProjectSection(WebsiteProperties) = preProject
		TargetFrameworkMoniker = ".NETFramework,Version%3Dv4.0"
		Debug.AspNetCompiler.VirtualPath = "/localhost_56051"
		Debug.AspNetCompiler.PhysicalPath = "web\"
		Debug.AspNetCompiler.TargetPath = "PrecompiledWeb\localhost_56051\"
		Debug.AspNetCompiler.Updateable = "true"
		Debug.AspNetCompiler.ForceOverwrite = "true"
		Debug.AspNetCompiler.FixedNames = "false"
		Debug.AspNetCompiler.Debug = "True"
		Release.AspNetCompiler.VirtualPath = "/localhost_56051"
		Release.AspNetCompiler.PhysicalPath = "web\"
		Release.AspNetCompiler.TargetPath = "PrecompiledWeb\localhost_56051\"
		Release.AspNetCompiler.Updateable = "true"
		Release.AspNetCompiler.ForceOverwrite = "true"
		Release.AspNetCompiler.FixedNames = "false"
		Release.AspNetCompiler.Debug = "False"
		VWDPort = "56051"
		SlnRelativePath = "web\"
	EndProjectSection
EndProject
Project("{FAE04EC0-301F-11D3-BF4B-00C04F79EFBC}") = "server-azure", "server-azure\server-azure.csproj", "{C6688971-3243-42B0-B237-FB113F950516}"
EndProject
Global
	GlobalSection(SolutionConfigurationPlatforms) = preSolution
		Debug|Any CPU = Debug|Any CPU
		Release|Any CPU = Release|Any CPU
	EndGlobalSection
	GlobalSection(ProjectConfigurationPlatforms) = postSolution
		{3642FBC2-54C6-4BA3-9F98-AD8C76A2B173}.Debug|Any CPU.ActiveCfg = Debug|Any CPU
		{3642FBC2-54C6-4BA3-9F98-AD8C76A2B173}.Debug|Any CPU.Build.0 = Debug|Any CPU
		{3642FBC2-54C6-4BA3-9F98-AD8C76A2B173}.Release|Any CPU.ActiveCfg = Debug|Any CPU
		{3642FBC2-54C6-4BA3-9F98-AD8C76A2B173}.Release|Any CPU.Build.0 = Debug|Any CPU
		{C6688971-3243-42B0-B237-FB113F950516}.Debug|Any CPU.ActiveCfg = Debug|Any CPU
		{C6688971-3243-42B0-B237-FB113F950516}.Debug|Any CPU.Build.0 = Debug|Any CPU
		{C6688971-3243-42B0-B237-FB113F950516}.Release|Any CPU.ActiveCfg = Release|Any CPU
		{C6688971-3243-42B0-B237-FB113F950516}.Release|Any CPU.Build.0 = Release|Any CPU
	EndGlobalSection
	GlobalSection(SolutionProperties) = preSolution
		HideSolutionNode = FALSE
	EndGlobalSection
	GlobalSection(ExtensibilityGlobals) = postSolution
		SolutionGuid = {5B4AE80A-DC02-4B6B-99D8-20483AF3EBDB}
	EndGlobalSection
EndGlobal
